
Microsoft Visual Studio Solution File, Format Version 12.00
# Visual Studio Version 16
VisualStudioVersion = 16.0.31205.134
MinimumVisualStudioVersion = 10.0.40219.1
Project("{9A19103F-16F7-4668-BE54-9A1E7A4F7556}") = "SuperPlatform.LK.Client", "SuperPlatform.LK.Client\SuperPlatform.LK.Client.csproj", "{9CB611CD-91B2-49F7-BED7-6788C00C1044}"
EndProject
Project("{FAE04EC0-301F-11D3-BF4B-00C04F79EFBC}") = "SuperPlatform.LK.Client.Domain", "SuperPlatform.LK.Client.Domain\SuperPlatform.LK.Client.Domain.csproj", "{5F7F2AF5-3A84-408B-9DF3-1CACE6E711D3}"
EndProject
Project("{FAE04EC0-301F-11D3-BF4B-00C04F79EFBC}") = "SuperPlatform.LK.Client.Integration", "SuperPlatform.LK.Client.Integration\SuperPlatform.LK.Client.Integration.csproj", "{A05316C4-B750-46D6-9A5E-13CC0086BB4D}"
EndProject
Global
	GlobalSection(SolutionConfigurationPlatforms) = preSolution
		Debug|Any CPU = Debug|Any CPU
		Release|Any CPU = Release|Any CPU
	EndGlobalSection
	GlobalSection(ProjectConfigurationPlatforms) = postSolution
		{9CB611CD-91B2-49F7-BED7-6788C00C1044}.Debug|Any CPU.ActiveCfg = Debug|Any CPU
		{9CB611CD-91B2-49F7-BED7-6788C00C1044}.Debug|Any CPU.Build.0 = Debug|Any CPU
		{9CB611CD-91B2-49F7-BED7-6788C00C1044}.Release|Any CPU.ActiveCfg = Release|Any CPU
		{9CB611CD-91B2-49F7-BED7-6788C00C1044}.Release|Any CPU.Build.0 = Release|Any CPU
		{5F7F2AF5-3A84-408B-9DF3-1CACE6E711D3}.Debug|Any CPU.ActiveCfg = Debug|Any CPU
		{5F7F2AF5-3A84-408B-9DF3-1CACE6E711D3}.Debug|Any CPU.Build.0 = Debug|Any CPU
		{5F7F2AF5-3A84-408B-9DF3-1CACE6E711D3}.Release|Any CPU.ActiveCfg = Release|Any CPU
		{5F7F2AF5-3A84-408B-9DF3-1CACE6E711D3}.Release|Any CPU.Build.0 = Release|Any CPU
		{A05316C4-B750-46D6-9A5E-13CC0086BB4D}.Debug|Any CPU.ActiveCfg = Debug|Any CPU
		{A05316C4-B750-46D6-9A5E-13CC0086BB4D}.Debug|Any CPU.Build.0 = Debug|Any CPU
		{A05316C4-B750-46D6-9A5E-13CC0086BB4D}.Release|Any CPU.ActiveCfg = Release|Any CPU
		{A05316C4-B750-46D6-9A5E-13CC0086BB4D}.Release|Any CPU.Build.0 = Release|Any CPU
	EndGlobalSection
	GlobalSection(SolutionProperties) = preSolution
		HideSolutionNode = FALSE
	EndGlobalSection
	GlobalSection(ExtensibilityGlobals) = postSolution
		SolutionGuid = {9C785487-6CD9-4D93-86FB-50C6142577EA}
	EndGlobalSection
EndGlobal
